
Microsoft Visual Studio Solution File, Format Version 12.00
# Visual Studio Version 17
VisualStudioVersion = 17.8.34330.188
MinimumVisualStudioVersion = 10.0.40219.1
Project("{9A19103F-16F7-4668-BE54-9A1E7A4F7556}") = "AdaME", "AdaME\AdaME.csproj", "{65E3A1B1-DABE-4572-93C4-F7F26A2DDCD0}"
EndProject
Project("{2150E333-8FDC-42A3-9474-1A3956D46DE8}") = "Itens de Solução", "Itens de Solução", "{45C29E7C-E66C-4224-A8C7-F3BD0CBCF256}"
	ProjectSection(SolutionItems) = preProject
		.gitignore = .gitignore
	EndProjectSection
EndProject
Global
	GlobalSection(SolutionConfigurationPlatforms) = preSolution
		Debug|Any CPU = Debug|Any CPU
		Release|Any CPU = Release|Any CPU
	EndGlobalSection
	GlobalSection(ProjectConfigurationPlatforms) = postSolution
		{65E3A1B1-DABE-4572-93C4-F7F26A2DDCD0}.Debug|Any CPU.ActiveCfg = Debug|Any CPU
		{65E3A1B1-DABE-4572-93C4-F7F26A2DDCD0}.Debug|Any CPU.Build.0 = Debug|Any CPU
		{65E3A1B1-DABE-4572-93C4-F7F26A2DDCD0}.Release|Any CPU.ActiveCfg = Release|Any CPU
		{65E3A1B1-DABE-4572-93C4-F7F26A2DDCD0}.Release|Any CPU.Build.0 = Release|Any CPU
	EndGlobalSection
	GlobalSection(SolutionProperties) = preSolution
		HideSolutionNode = FALSE
	EndGlobalSection
	GlobalSection(ExtensibilityGlobals) = postSolution
		SolutionGuid = {2AC377B2-4CF9-4D9D-B748-119F3EA6E2F9}
	EndGlobalSection
EndGlobal
